
Microsoft Visual Studio Solution File, Format Version 12.00
# Visual Studio Version 17
VisualStudioVersion = 17.5.33516.290
MinimumVisualStudioVersion = 10.0.40219.1
Project("{9A19103F-16F7-4668-BE54-9A1E7A4F7556}") = "ListaDeTarefas.Domain", "ListaDeTarefas.Domain\ListaDeTarefas.Domain.csproj", "{E35B4895-DA4C-4960-9F07-4D24675DC958}"
EndProject
Project("{9A19103F-16F7-4668-BE54-9A1E7A4F7556}") = "ListaDeTarefas.Application", "ListaDeTarefas.Application\ListaDeTarefas.Application.csproj", "{04B3717A-893C-48F0-9711-C0E55C65789E}"
EndProject
Project("{9A19103F-16F7-4668-BE54-9A1E7A4F7556}") = "ListaDeTarefas.Infra", "ListaDeTarefas.Infra\ListaDeTarefas.Infra.csproj", "{CD0F0036-737C-4329-9669-93363F8C2944}"
EndProject
Project("{9A19103F-16F7-4668-BE54-9A1E7A4F7556}") = "ListaDeTarefas.Shared", "ListaDeTarefas.Shared\ListaDeTarefas.Shared.csproj", "{E73E2681-1021-465E-B1C1-564083F367AB}"
EndProject
Project("{9A19103F-16F7-4668-BE54-9A1E7A4F7556}") = "ListaDeTarefas.Tests", "ListaDeTarefas.Tests\ListaDeTarefas.Tests.csproj", "{E7A64402-EB6D-47D3-8243-726F1D294371}"
EndProject
Project("{9A19103F-16F7-4668-BE54-9A1E7A4F7556}") = "ListaDeTarefas.API", "ListaDeTarefas.API\ListaDeTarefas.API.csproj", "{B523EC6F-0F4E-4E3D-B022-41BDC0788A89}"
EndProject
Global
	GlobalSection(SolutionConfigurationPlatforms) = preSolution
		Debug|Any CPU = Debug|Any CPU
		Release|Any CPU = Release|Any CPU
	EndGlobalSection
	GlobalSection(ProjectConfigurationPlatforms) = postSolution
		{E35B4895-DA4C-4960-9F07-4D24675DC958}.Debug|Any CPU.ActiveCfg = Debug|Any CPU
		{E35B4895-DA4C-4960-9F07-4D24675DC958}.Debug|Any CPU.Build.0 = Debug|Any CPU
		{E35B4895-DA4C-4960-9F07-4D24675DC958}.Release|Any CPU.ActiveCfg = Release|Any CPU
		{E35B4895-DA4C-4960-9F07-4D24675DC958}.Release|Any CPU.Build.0 = Release|Any CPU
		{04B3717A-893C-48F0-9711-C0E55C65789E}.Debug|Any CPU.ActiveCfg = Debug|Any CPU
		{04B3717A-893C-48F0-9711-C0E55C65789E}.Debug|Any CPU.Build.0 = Debug|Any CPU
		{04B3717A-893C-48F0-9711-C0E55C65789E}.Release|Any CPU.ActiveCfg = Release|Any CPU
		{04B3717A-893C-48F0-9711-C0E55C65789E}.Release|Any CPU.Build.0 = Release|Any CPU
		{CD0F0036-737C-4329-9669-93363F8C2944}.Debug|Any CPU.ActiveCfg = Debug|Any CPU
		{CD0F0036-737C-4329-9669-93363F8C2944}.Debug|Any CPU.Build.0 = Debug|Any CPU
		{CD0F0036-737C-4329-9669-93363F8C2944}.Release|Any CPU.ActiveCfg = Release|Any CPU
		{CD0F0036-737C-4329-9669-93363F8C2944}.Release|Any CPU.Build.0 = Release|Any CPU
		{E73E2681-1021-465E-B1C1-564083F367AB}.Debug|Any CPU.ActiveCfg = Debug|Any CPU
		{E73E2681-1021-465E-B1C1-564083F367AB}.Debug|Any CPU.Build.0 = Debug|Any CPU
		{E73E2681-1021-465E-B1C1-564083F367AB}.Release|Any CPU.ActiveCfg = Release|Any CPU
		{E73E2681-1021-465E-B1C1-564083F367AB}.Release|Any CPU.Build.0 = Release|Any CPU
		{E7A64402-EB6D-47D3-8243-726F1D294371}.Debug|Any CPU.ActiveCfg = Debug|Any CPU
		{E7A64402-EB6D-47D3-8243-726F1D294371}.Debug|Any CPU.Build.0 = Debug|Any CPU
		{E7A64402-EB6D-47D3-8243-726F1D294371}.Release|Any CPU.ActiveCfg = Release|Any CPU
		{E7A64402-EB6D-47D3-8243-726F1D294371}.Release|Any CPU.Build.0 = Release|Any CPU
		{B523EC6F-0F4E-4E3D-B022-41BDC0788A89}.Debug|Any CPU.ActiveCfg = Debug|Any CPU
		{B523EC6F-0F4E-4E3D-B022-41BDC0788A89}.Debug|Any CPU.Build.0 = Debug|Any CPU
		{B523EC6F-0F4E-4E3D-B022-41BDC0788A89}.Release|Any CPU.ActiveCfg = Release|Any CPU
		{B523EC6F-0F4E-4E3D-B022-41BDC0788A89}.Release|Any CPU.Build.0 = Release|Any CPU
	EndGlobalSection
	GlobalSection(SolutionProperties) = preSolution
		HideSolutionNode = FALSE
	EndGlobalSection
	GlobalSection(ExtensibilityGlobals) = postSolution
		SolutionGuid = {E4086273-A499-4FFB-9512-679CAA65F9CA}
	EndGlobalSection
EndGlobal
